
Microsoft Visual Studio Solution File, Format Version 12.00
Project("{FAE04EC0-301F-11D3-BF4B-00C04F79EFBC}") = "ProducerApp", "ProducerApp\ProducerApp.csproj", "{F51B268C-6892-4888-B723-FACF5E4490E9}"
EndProject
Project("{FAE04EC0-301F-11D3-BF4B-00C04F79EFBC}") = "ConsumerApp", "ConsumerApp\ConsumerApp.csproj", "{7E9CE99A-7126-4BDC-B0A6-7495D73B636D}"
EndProject
Project("{FAE04EC0-301F-11D3-BF4B-00C04F79EFBC}") = "Common", "Common\Common.csproj", "{1B6C7108-550A-4391-9CA9-1D7D8ACC39E5}"
EndProject
Global
	GlobalSection(SolutionConfigurationPlatforms) = preSolution
		Debug|Any CPU = Debug|Any CPU
		Release|Any CPU = Release|Any CPU
	EndGlobalSection
	GlobalSection(ProjectConfigurationPlatforms) = postSolution
		{F51B268C-6892-4888-B723-FACF5E4490E9}.Debug|Any CPU.ActiveCfg = Debug|Any CPU
		{F51B268C-6892-4888-B723-FACF5E4490E9}.Debug|Any CPU.Build.0 = Debug|Any CPU
		{F51B268C-6892-4888-B723-FACF5E4490E9}.Release|Any CPU.ActiveCfg = Release|Any CPU
		{F51B268C-6892-4888-B723-FACF5E4490E9}.Release|Any CPU.Build.0 = Release|Any CPU
		{7E9CE99A-7126-4BDC-B0A6-7495D73B636D}.Debug|Any CPU.ActiveCfg = Debug|Any CPU
		{7E9CE99A-7126-4BDC-B0A6-7495D73B636D}.Debug|Any CPU.Build.0 = Debug|Any CPU
		{7E9CE99A-7126-4BDC-B0A6-7495D73B636D}.Release|Any CPU.ActiveCfg = Release|Any CPU
		{7E9CE99A-7126-4BDC-B0A6-7495D73B636D}.Release|Any CPU.Build.0 = Release|Any CPU
		{1B6C7108-550A-4391-9CA9-1D7D8ACC39E5}.Debug|Any CPU.ActiveCfg = Debug|Any CPU
		{1B6C7108-550A-4391-9CA9-1D7D8ACC39E5}.Debug|Any CPU.Build.0 = Debug|Any CPU
		{1B6C7108-550A-4391-9CA9-1D7D8ACC39E5}.Release|Any CPU.ActiveCfg = Release|Any CPU
		{1B6C7108-550A-4391-9CA9-1D7D8ACC39E5}.Release|Any CPU.Build.0 = Release|Any CPU
	EndGlobalSection
EndGlobal
